
Microsoft Visual Studio Solution File, Format Version 12.00
# Visual Studio 15
VisualStudioVersion = 15.0.27703.2042
MinimumVisualStudioVersion = 10.0.40219.1
Project("{FAE04EC0-301F-11D3-BF4B-00C04F79EFBC}") = "DnfResourcePreloader", "DnfResourcePreloader.csproj", "{29718128-EBF4-4B1F-8023-D606A561654A}"
EndProject
Global
	GlobalSection(SolutionConfigurationPlatforms) = preSolution
		Debug|Any CPU = Debug|Any CPU
		Release|Any CPU = Release|Any CPU
	EndGlobalSection
	GlobalSection(ProjectConfigurationPlatforms) = postSolution
		{29718128-EBF4-4B1F-8023-D606A561654A}.Debug|Any CPU.ActiveCfg = Debug|Any CPU
		{29718128-EBF4-4B1F-8023-D606A561654A}.Debug|Any CPU.Build.0 = Debug|Any CPU
		{29718128-EBF4-4B1F-8023-D606A561654A}.Release|Any CPU.ActiveCfg = Release|Any CPU
		{29718128-EBF4-4B1F-8023-D606A561654A}.Release|Any CPU.Build.0 = Release|Any CPU
	EndGlobalSection
	GlobalSection(SolutionProperties) = preSolution
		HideSolutionNode = FALSE
	EndGlobalSection
	GlobalSection(ExtensibilityGlobals) = postSolution
		SolutionGuid = {BF14C5E4-7438-4BB4-BA18-67EEC8CBBF9A}
	EndGlobalSection
EndGlobal
